
Microsoft Visual Studio Solution File, Format Version 12.00
# Visual Studio Version 16
VisualStudioVersion = 16.0.30717.126
MinimumVisualStudioVersion = 10.0.40219.1
Project("{9A19103F-16F7-4668-BE54-9A1E7A4F7556}") = "Api", "Api\Api.csproj", "{4C553908-C2E4-4410-9D5E-5EE0508C7776}"
EndProject
Project("{2150E333-8FDC-42A3-9474-1A3956D46DE8}") = "1.InfrastructureLayer", "1.InfrastructureLayer", "{B7951DEA-8869-4D35-A9CD-2AAF184426E7}"
EndProject
Project("{2150E333-8FDC-42A3-9474-1A3956D46DE8}") = "2.EntityLayer", "2.EntityLayer", "{CAF221F4-66F5-47B1-A689-02E0D38D2251}"
EndProject
Project("{2150E333-8FDC-42A3-9474-1A3956D46DE8}") = "3.DataLayer", "3.DataLayer", "{C51FF23C-FD4C-4AB8-BB30-C07B4902FA81}"
EndProject
Project("{2150E333-8FDC-42A3-9474-1A3956D46DE8}") = "4.BusinessLayer", "4.BusinessLayer", "{FE4397AC-E95C-45F3-8123-E23FEB9301D1}"
EndProject
Project("{2150E333-8FDC-42A3-9474-1A3956D46DE8}") = "5.PresentationLayer", "5.PresentationLayer", "{1975F3B3-AEEE-4A3C-934E-E86C6758851B}"
EndProject
Project("{9A19103F-16F7-4668-BE54-9A1E7A4F7556}") = "IBll", "IBll\IBll.csproj", "{B2F5B8E1-AA88-4896-8A5E-488CA4BAFAFD}"
EndProject
Project("{9A19103F-16F7-4668-BE54-9A1E7A4F7556}") = "Bll", "Bll\Bll.csproj", "{2F70A75B-FD7D-40EB-82D4-7B3159928E03}"
EndProject
Project("{9A19103F-16F7-4668-BE54-9A1E7A4F7556}") = "Dal", "Dal\Dal.csproj", "{E8994813-6636-4916-A0C5-27A54028C1EC}"
EndProject
Project("{9A19103F-16F7-4668-BE54-9A1E7A4F7556}") = "IDal", "IDal\IDal.csproj", "{2407A6DF-34AF-4F1E-BFCF-3BBFE15114FC}"
EndProject
Project("{9A19103F-16F7-4668-BE54-9A1E7A4F7556}") = "Entity", "Entity\Entity.csproj", "{C3D08193-745B-4CAA-AC67-804B3DBA4E0A}"
EndProject
Project("{9A19103F-16F7-4668-BE54-9A1E7A4F7556}") = "Common", "Common\Common.csproj", "{9F9B9417-DC14-417A-84AF-61F373F1990A}"
EndProject
Project("{2150E333-8FDC-42A3-9474-1A3956D46DE8}") = "6.Test", "6.Test", "{FB4F6C92-1786-40A8-89DD-102EEA7FC97A}"
EndProject
Project("{FAE04EC0-301F-11D3-BF4B-00C04F79EFBC}") = "xUnitTest", "xUnitTest\xUnitTest.csproj", "{7CBAEE3A-DFBA-49BD-A86E-6D606EAE6EEB}"
EndProject
Global
	GlobalSection(SolutionConfigurationPlatforms) = preSolution
		Debug|Any CPU = Debug|Any CPU
		Release|Any CPU = Release|Any CPU
	EndGlobalSection
	GlobalSection(ProjectConfigurationPlatforms) = postSolution
		{4C553908-C2E4-4410-9D5E-5EE0508C7776}.Debug|Any CPU.ActiveCfg = Debug|Any CPU
		{4C553908-C2E4-4410-9D5E-5EE0508C7776}.Debug|Any CPU.Build.0 = Debug|Any CPU
		{4C553908-C2E4-4410-9D5E-5EE0508C7776}.Release|Any CPU.ActiveCfg = Release|Any CPU
		{4C553908-C2E4-4410-9D5E-5EE0508C7776}.Release|Any CPU.Build.0 = Release|Any CPU
		{B2F5B8E1-AA88-4896-8A5E-488CA4BAFAFD}.Debug|Any CPU.ActiveCfg = Debug|Any CPU
		{B2F5B8E1-AA88-4896-8A5E-488CA4BAFAFD}.Debug|Any CPU.Build.0 = Debug|Any CPU
		{B2F5B8E1-AA88-4896-8A5E-488CA4BAFAFD}.Release|Any CPU.ActiveCfg = Release|Any CPU
		{B2F5B8E1-AA88-4896-8A5E-488CA4BAFAFD}.Release|Any CPU.Build.0 = Release|Any CPU
		{2F70A75B-FD7D-40EB-82D4-7B3159928E03}.Debug|Any CPU.ActiveCfg = Debug|Any CPU
		{2F70A75B-FD7D-40EB-82D4-7B3159928E03}.Debug|Any CPU.Build.0 = Debug|Any CPU
		{2F70A75B-FD7D-40EB-82D4-7B3159928E03}.Release|Any CPU.ActiveCfg = Release|Any CPU
		{2F70A75B-FD7D-40EB-82D4-7B3159928E03}.Release|Any CPU.Build.0 = Release|Any CPU
		{E8994813-6636-4916-A0C5-27A54028C1EC}.Debug|Any CPU.ActiveCfg = Debug|Any CPU
		{E8994813-6636-4916-A0C5-27A54028C1EC}.Debug|Any CPU.Build.0 = Debug|Any CPU
		{E8994813-6636-4916-A0C5-27A54028C1EC}.Release|Any CPU.ActiveCfg = Release|Any CPU
		{E8994813-6636-4916-A0C5-27A54028C1EC}.Release|Any CPU.Build.0 = Release|Any CPU
		{2407A6DF-34AF-4F1E-BFCF-3BBFE15114FC}.Debug|Any CPU.ActiveCfg = Debug|Any CPU
		{2407A6DF-34AF-4F1E-BFCF-3BBFE15114FC}.Debug|Any CPU.Build.0 = Debug|Any CPU
		{2407A6DF-34AF-4F1E-BFCF-3BBFE15114FC}.Release|Any CPU.ActiveCfg = Release|Any CPU
		{2407A6DF-34AF-4F1E-BFCF-3BBFE15114FC}.Release|Any CPU.Build.0 = Release|Any CPU
		{C3D08193-745B-4CAA-AC67-804B3DBA4E0A}.Debug|Any CPU.ActiveCfg = Debug|Any CPU
		{C3D08193-745B-4CAA-AC67-804B3DBA4E0A}.Debug|Any CPU.Build.0 = Debug|Any CPU
		{C3D08193-745B-4CAA-AC67-804B3DBA4E0A}.Release|Any CPU.ActiveCfg = Release|Any CPU
		{C3D08193-745B-4CAA-AC67-804B3DBA4E0A}.Release|Any CPU.Build.0 = Release|Any CPU
		{9F9B9417-DC14-417A-84AF-61F373F1990A}.Debug|Any CPU.ActiveCfg = Debug|Any CPU
		{9F9B9417-DC14-417A-84AF-61F373F1990A}.Debug|Any CPU.Build.0 = Debug|Any CPU
		{9F9B9417-DC14-417A-84AF-61F373F1990A}.Release|Any CPU.ActiveCfg = Release|Any CPU
		{9F9B9417-DC14-417A-84AF-61F373F1990A}.Release|Any CPU.Build.0 = Release|Any CPU
		{7CBAEE3A-DFBA-49BD-A86E-6D606EAE6EEB}.Debug|Any CPU.ActiveCfg = Debug|Any CPU
		{7CBAEE3A-DFBA-49BD-A86E-6D606EAE6EEB}.Debug|Any CPU.Build.0 = Debug|Any CPU
		{7CBAEE3A-DFBA-49BD-A86E-6D606EAE6EEB}.Release|Any CPU.ActiveCfg = Release|Any CPU
		{7CBAEE3A-DFBA-49BD-A86E-6D606EAE6EEB}.Release|Any CPU.Build.0 = Release|Any CPU
	EndGlobalSection
	GlobalSection(SolutionProperties) = preSolution
		HideSolutionNode = FALSE
	EndGlobalSection
	GlobalSection(NestedProjects) = preSolution
		{4C553908-C2E4-4410-9D5E-5EE0508C7776} = {1975F3B3-AEEE-4A3C-934E-E86C6758851B}
		{B2F5B8E1-AA88-4896-8A5E-488CA4BAFAFD} = {FE4397AC-E95C-45F3-8123-E23FEB9301D1}
		{2F70A75B-FD7D-40EB-82D4-7B3159928E03} = {FE4397AC-E95C-45F3-8123-E23FEB9301D1}
		{E8994813-6636-4916-A0C5-27A54028C1EC} = {C51FF23C-FD4C-4AB8-BB30-C07B4902FA81}
		{2407A6DF-34AF-4F1E-BFCF-3BBFE15114FC} = {C51FF23C-FD4C-4AB8-BB30-C07B4902FA81}
		{C3D08193-745B-4CAA-AC67-804B3DBA4E0A} = {CAF221F4-66F5-47B1-A689-02E0D38D2251}
		{9F9B9417-DC14-417A-84AF-61F373F1990A} = {B7951DEA-8869-4D35-A9CD-2AAF184426E7}
		{7CBAEE3A-DFBA-49BD-A86E-6D606EAE6EEB} = {FB4F6C92-1786-40A8-89DD-102EEA7FC97A}
	EndGlobalSection
	GlobalSection(ExtensibilityGlobals) = postSolution
		SolutionGuid = {07D35532-D6DE-4180-88E7-8581AA519AC7}
	EndGlobalSection
EndGlobal
